
Microsoft Visual Studio Solution File, Format Version 12.00
# Visual Studio Version 17
VisualStudioVersion = 17.2.32427.441
MinimumVisualStudioVersion = 10.0.40219.1
Project("{6EC3EE1D-3C4E-46DD-8F32-0CC8E7565705}") = "common", "common\common.fsproj", "{7E05405D-6F22-46C2-81A5-C019699A2020}"
EndProject
Project("{6EC3EE1D-3C4E-46DD-8F32-0CC8E7565705}") = "benchmark", "benchmark\benchmark.fsproj", "{E2B114DD-9222-4C8F-A1EF-222B6C348DA4}"
EndProject
Project("{6EC3EE1D-3C4E-46DD-8F32-0CC8E7565705}") = "functionapp", "functionapp\functionapp.fsproj", "{BF512A7C-DBF0-43C2-9001-0FDB2B18FF47}"
EndProject
Global
	GlobalSection(SolutionConfigurationPlatforms) = preSolution
		Debug|Any CPU = Debug|Any CPU
		Release|Any CPU = Release|Any CPU
	EndGlobalSection
	GlobalSection(ProjectConfigurationPlatforms) = postSolution
		{7E05405D-6F22-46C2-81A5-C019699A2020}.Debug|Any CPU.ActiveCfg = Debug|Any CPU
		{7E05405D-6F22-46C2-81A5-C019699A2020}.Debug|Any CPU.Build.0 = Debug|Any CPU
		{7E05405D-6F22-46C2-81A5-C019699A2020}.Release|Any CPU.ActiveCfg = Release|Any CPU
		{7E05405D-6F22-46C2-81A5-C019699A2020}.Release|Any CPU.Build.0 = Release|Any CPU
		{E2B114DD-9222-4C8F-A1EF-222B6C348DA4}.Debug|Any CPU.ActiveCfg = Debug|Any CPU
		{E2B114DD-9222-4C8F-A1EF-222B6C348DA4}.Debug|Any CPU.Build.0 = Debug|Any CPU
		{E2B114DD-9222-4C8F-A1EF-222B6C348DA4}.Release|Any CPU.ActiveCfg = Release|Any CPU
		{E2B114DD-9222-4C8F-A1EF-222B6C348DA4}.Release|Any CPU.Build.0 = Release|Any CPU
		{BF512A7C-DBF0-43C2-9001-0FDB2B18FF47}.Debug|Any CPU.ActiveCfg = Debug|Any CPU
		{BF512A7C-DBF0-43C2-9001-0FDB2B18FF47}.Debug|Any CPU.Build.0 = Debug|Any CPU
		{BF512A7C-DBF0-43C2-9001-0FDB2B18FF47}.Release|Any CPU.ActiveCfg = Release|Any CPU
		{BF512A7C-DBF0-43C2-9001-0FDB2B18FF47}.Release|Any CPU.Build.0 = Release|Any CPU
	EndGlobalSection
	GlobalSection(SolutionProperties) = preSolution
		HideSolutionNode = FALSE
	EndGlobalSection
	GlobalSection(ExtensibilityGlobals) = postSolution
		SolutionGuid = {D58FE239-1BDD-48C0-AB50-ECED81AA3D3C}
	EndGlobalSection
EndGlobal
